
Microsoft Visual Studio Solution File, Format Version 12.00
# Visual Studio Version 16
VisualStudioVersion = 16.0.31515.178
MinimumVisualStudioVersion = 10.0.40219.1
Project("{8BC9CEB8-8B4A-11D0-8D11-00A0C91BC942}") = "test0802", "test0802.vcxproj", "{15EB396B-76A8-4DF8-B3A9-430DA0229B4E}"
EndProject
Global
	GlobalSection(SolutionConfigurationPlatforms) = preSolution
		Debug|x64 = Debug|x64
		Debug|x86 = Debug|x86
		Release|x64 = Release|x64
		Release|x86 = Release|x86
	EndGlobalSection
	GlobalSection(ProjectConfigurationPlatforms) = postSolution
		{15EB396B-76A8-4DF8-B3A9-430DA0229B4E}.Debug|x64.ActiveCfg = Debug|x64
		{15EB396B-76A8-4DF8-B3A9-430DA0229B4E}.Debug|x64.Build.0 = Debug|x64
		{15EB396B-76A8-4DF8-B3A9-430DA0229B4E}.Debug|x86.ActiveCfg = Debug|Win32
		{15EB396B-76A8-4DF8-B3A9-430DA0229B4E}.Debug|x86.Build.0 = Debug|Win32
		{15EB396B-76A8-4DF8-B3A9-430DA0229B4E}.Release|x64.ActiveCfg = Release|x64
		{15EB396B-76A8-4DF8-B3A9-430DA0229B4E}.Release|x64.Build.0 = Release|x64
		{15EB396B-76A8-4DF8-B3A9-430DA0229B4E}.Release|x86.ActiveCfg = Release|Win32
		{15EB396B-76A8-4DF8-B3A9-430DA0229B4E}.Release|x86.Build.0 = Release|Win32
	EndGlobalSection
	GlobalSection(SolutionProperties) = preSolution
		HideSolutionNode = FALSE
	EndGlobalSection
	GlobalSection(ExtensibilityGlobals) = postSolution
		SolutionGuid = {FD3323CF-3E4E-49B6-B311-15793D573A3A}
	EndGlobalSection
EndGlobal
