
Microsoft Visual Studio Solution File, Format Version 12.00
# Visual Studio Version 16
VisualStudioVersion = 16.0.31515.178
MinimumVisualStudioVersion = 10.0.40219.1
Project("{8BC9CEB8-8B4A-11D0-8D11-00A0C91BC942}") = "青蛙跳梯子", "青蛙跳梯子.vcxproj", "{A76C46BC-1A10-4D81-9D6D-E1ABDBBF248F}"
EndProject
Global
	GlobalSection(SolutionConfigurationPlatforms) = preSolution
		Debug|x64 = Debug|x64
		Debug|x86 = Debug|x86
		Release|x64 = Release|x64
		Release|x86 = Release|x86
	EndGlobalSection
	GlobalSection(ProjectConfigurationPlatforms) = postSolution
		{A76C46BC-1A10-4D81-9D6D-E1ABDBBF248F}.Debug|x64.ActiveCfg = Debug|x64
		{A76C46BC-1A10-4D81-9D6D-E1ABDBBF248F}.Debug|x64.Build.0 = Debug|x64
		{A76C46BC-1A10-4D81-9D6D-E1ABDBBF248F}.Debug|x86.ActiveCfg = Debug|Win32
		{A76C46BC-1A10-4D81-9D6D-E1ABDBBF248F}.Debug|x86.Build.0 = Debug|Win32
		{A76C46BC-1A10-4D81-9D6D-E1ABDBBF248F}.Release|x64.ActiveCfg = Release|x64
		{A76C46BC-1A10-4D81-9D6D-E1ABDBBF248F}.Release|x64.Build.0 = Release|x64
		{A76C46BC-1A10-4D81-9D6D-E1ABDBBF248F}.Release|x86.ActiveCfg = Release|Win32
		{A76C46BC-1A10-4D81-9D6D-E1ABDBBF248F}.Release|x86.Build.0 = Release|Win32
	EndGlobalSection
	GlobalSection(SolutionProperties) = preSolution
		HideSolutionNode = FALSE
	EndGlobalSection
	GlobalSection(ExtensibilityGlobals) = postSolution
		SolutionGuid = {DA34CDED-9554-4058-87C9-EF2A6A85477B}
	EndGlobalSection
EndGlobal
