
Microsoft Visual Studio Solution File, Format Version 12.00
# Visual Studio Version 16
VisualStudioVersion = 16.0.31613.86
MinimumVisualStudioVersion = 10.0.40219.1
Project("{8BC9CEB8-8B4A-11D0-8D11-00A0C91BC942}") = "test0823", "test0823.vcxproj", "{093EDF1B-1E8B-4760-99B1-C535A0CEB727}"
EndProject
Global
	GlobalSection(SolutionConfigurationPlatforms) = preSolution
		Debug|x64 = Debug|x64
		Debug|x86 = Debug|x86
		Release|x64 = Release|x64
		Release|x86 = Release|x86
	EndGlobalSection
	GlobalSection(ProjectConfigurationPlatforms) = postSolution
		{093EDF1B-1E8B-4760-99B1-C535A0CEB727}.Debug|x64.ActiveCfg = Debug|x64
		{093EDF1B-1E8B-4760-99B1-C535A0CEB727}.Debug|x64.Build.0 = Debug|x64
		{093EDF1B-1E8B-4760-99B1-C535A0CEB727}.Debug|x86.ActiveCfg = Debug|Win32
		{093EDF1B-1E8B-4760-99B1-C535A0CEB727}.Debug|x86.Build.0 = Debug|Win32
		{093EDF1B-1E8B-4760-99B1-C535A0CEB727}.Release|x64.ActiveCfg = Release|x64
		{093EDF1B-1E8B-4760-99B1-C535A0CEB727}.Release|x64.Build.0 = Release|x64
		{093EDF1B-1E8B-4760-99B1-C535A0CEB727}.Release|x86.ActiveCfg = Release|Win32
		{093EDF1B-1E8B-4760-99B1-C535A0CEB727}.Release|x86.Build.0 = Release|Win32
	EndGlobalSection
	GlobalSection(SolutionProperties) = preSolution
		HideSolutionNode = FALSE
	EndGlobalSection
	GlobalSection(ExtensibilityGlobals) = postSolution
		SolutionGuid = {E2B49DB6-BB45-47D3-8B8F-DF3DBD612B5B}
	EndGlobalSection
EndGlobal
