
Microsoft Visual Studio Solution File, Format Version 12.00
# Visual Studio Version 16
VisualStudioVersion = 16.0.31624.102
MinimumVisualStudioVersion = 10.0.40219.1
Project("{8BC9CEB8-8B4A-11D0-8D11-00A0C91BC942}") = "strstr", "strstr.vcxproj", "{06F56A81-26C4-4D93-ABCB-F7E2CBA13550}"
EndProject
Global
	GlobalSection(SolutionConfigurationPlatforms) = preSolution
		Debug|x64 = Debug|x64
		Debug|x86 = Debug|x86
		Release|x64 = Release|x64
		Release|x86 = Release|x86
	EndGlobalSection
	GlobalSection(ProjectConfigurationPlatforms) = postSolution
		{06F56A81-26C4-4D93-ABCB-F7E2CBA13550}.Debug|x64.ActiveCfg = Debug|x64
		{06F56A81-26C4-4D93-ABCB-F7E2CBA13550}.Debug|x64.Build.0 = Debug|x64
		{06F56A81-26C4-4D93-ABCB-F7E2CBA13550}.Debug|x86.ActiveCfg = Debug|Win32
		{06F56A81-26C4-4D93-ABCB-F7E2CBA13550}.Debug|x86.Build.0 = Debug|Win32
		{06F56A81-26C4-4D93-ABCB-F7E2CBA13550}.Release|x64.ActiveCfg = Release|x64
		{06F56A81-26C4-4D93-ABCB-F7E2CBA13550}.Release|x64.Build.0 = Release|x64
		{06F56A81-26C4-4D93-ABCB-F7E2CBA13550}.Release|x86.ActiveCfg = Release|Win32
		{06F56A81-26C4-4D93-ABCB-F7E2CBA13550}.Release|x86.Build.0 = Release|Win32
	EndGlobalSection
	GlobalSection(SolutionProperties) = preSolution
		HideSolutionNode = FALSE
	EndGlobalSection
	GlobalSection(ExtensibilityGlobals) = postSolution
		SolutionGuid = {6D0CE5C4-DE20-4349-A72C-6B20E7B00278}
	EndGlobalSection
EndGlobal
