
Microsoft Visual Studio Solution File, Format Version 12.00
# Visual Studio Version 16
VisualStudioVersion = 16.0.31624.102
MinimumVisualStudioVersion = 10.0.40219.1
Project("{8BC9CEB8-8B4A-11D0-8D11-00A0C91BC942}") = "test0920", "test0920.vcxproj", "{5649B2A0-885C-44E5-8408-83B8213CFCF6}"
EndProject
Global
	GlobalSection(SolutionConfigurationPlatforms) = preSolution
		Debug|x64 = Debug|x64
		Debug|x86 = Debug|x86
		Release|x64 = Release|x64
		Release|x86 = Release|x86
	EndGlobalSection
	GlobalSection(ProjectConfigurationPlatforms) = postSolution
		{5649B2A0-885C-44E5-8408-83B8213CFCF6}.Debug|x64.ActiveCfg = Debug|x64
		{5649B2A0-885C-44E5-8408-83B8213CFCF6}.Debug|x64.Build.0 = Debug|x64
		{5649B2A0-885C-44E5-8408-83B8213CFCF6}.Debug|x86.ActiveCfg = Debug|Win32
		{5649B2A0-885C-44E5-8408-83B8213CFCF6}.Debug|x86.Build.0 = Debug|Win32
		{5649B2A0-885C-44E5-8408-83B8213CFCF6}.Release|x64.ActiveCfg = Release|x64
		{5649B2A0-885C-44E5-8408-83B8213CFCF6}.Release|x64.Build.0 = Release|x64
		{5649B2A0-885C-44E5-8408-83B8213CFCF6}.Release|x86.ActiveCfg = Release|Win32
		{5649B2A0-885C-44E5-8408-83B8213CFCF6}.Release|x86.Build.0 = Release|Win32
	EndGlobalSection
	GlobalSection(SolutionProperties) = preSolution
		HideSolutionNode = FALSE
	EndGlobalSection
	GlobalSection(ExtensibilityGlobals) = postSolution
		SolutionGuid = {97A8C268-318B-46DD-9555-565461EA22E0}
	EndGlobalSection
EndGlobal
