
Microsoft Visual Studio Solution File, Format Version 12.00
# Visual Studio Version 16
VisualStudioVersion = 16.0.31624.102
MinimumVisualStudioVersion = 10.0.40219.1
Project("{8BC9CEB8-8B4A-11D0-8D11-00A0C91BC942}") = "test1007", "test1007.vcxproj", "{D92C7436-8590-41B6-B206-0383CD56D4FD}"
EndProject
Global
	GlobalSection(SolutionConfigurationPlatforms) = preSolution
		Debug|x64 = Debug|x64
		Debug|x86 = Debug|x86
		Release|x64 = Release|x64
		Release|x86 = Release|x86
	EndGlobalSection
	GlobalSection(ProjectConfigurationPlatforms) = postSolution
		{D92C7436-8590-41B6-B206-0383CD56D4FD}.Debug|x64.ActiveCfg = Debug|x64
		{D92C7436-8590-41B6-B206-0383CD56D4FD}.Debug|x64.Build.0 = Debug|x64
		{D92C7436-8590-41B6-B206-0383CD56D4FD}.Debug|x86.ActiveCfg = Debug|Win32
		{D92C7436-8590-41B6-B206-0383CD56D4FD}.Debug|x86.Build.0 = Debug|Win32
		{D92C7436-8590-41B6-B206-0383CD56D4FD}.Release|x64.ActiveCfg = Release|x64
		{D92C7436-8590-41B6-B206-0383CD56D4FD}.Release|x64.Build.0 = Release|x64
		{D92C7436-8590-41B6-B206-0383CD56D4FD}.Release|x86.ActiveCfg = Release|Win32
		{D92C7436-8590-41B6-B206-0383CD56D4FD}.Release|x86.Build.0 = Release|Win32
	EndGlobalSection
	GlobalSection(SolutionProperties) = preSolution
		HideSolutionNode = FALSE
	EndGlobalSection
	GlobalSection(ExtensibilityGlobals) = postSolution
		SolutionGuid = {B00E2DCC-2140-431E-9C5D-5FD386632504}
	EndGlobalSection
EndGlobal
