
Microsoft Visual Studio Solution File, Format Version 12.00
# Visual Studio Version 16
VisualStudioVersion = 16.0.31624.102
MinimumVisualStudioVersion = 10.0.40219.1
Project("{8BC9CEB8-8B4A-11D0-8D11-00A0C91BC942}") = "test0930", "test0930.vcxproj", "{6363DA21-BFFB-41B0-890F-D3E29A602CEC}"
EndProject
Global
	GlobalSection(SolutionConfigurationPlatforms) = preSolution
		Debug|x64 = Debug|x64
		Debug|x86 = Debug|x86
		Release|x64 = Release|x64
		Release|x86 = Release|x86
	EndGlobalSection
	GlobalSection(ProjectConfigurationPlatforms) = postSolution
		{6363DA21-BFFB-41B0-890F-D3E29A602CEC}.Debug|x64.ActiveCfg = Debug|x64
		{6363DA21-BFFB-41B0-890F-D3E29A602CEC}.Debug|x64.Build.0 = Debug|x64
		{6363DA21-BFFB-41B0-890F-D3E29A602CEC}.Debug|x86.ActiveCfg = Debug|Win32
		{6363DA21-BFFB-41B0-890F-D3E29A602CEC}.Debug|x86.Build.0 = Debug|Win32
		{6363DA21-BFFB-41B0-890F-D3E29A602CEC}.Release|x64.ActiveCfg = Release|x64
		{6363DA21-BFFB-41B0-890F-D3E29A602CEC}.Release|x64.Build.0 = Release|x64
		{6363DA21-BFFB-41B0-890F-D3E29A602CEC}.Release|x86.ActiveCfg = Release|Win32
		{6363DA21-BFFB-41B0-890F-D3E29A602CEC}.Release|x86.Build.0 = Release|Win32
	EndGlobalSection
	GlobalSection(SolutionProperties) = preSolution
		HideSolutionNode = FALSE
	EndGlobalSection
	GlobalSection(ExtensibilityGlobals) = postSolution
		SolutionGuid = {C9F14761-1107-492C-BB87-56F47BDC9C90}
	EndGlobalSection
EndGlobal
