
Microsoft Visual Studio Solution File, Format Version 12.00
# Visual Studio Version 16
VisualStudioVersion = 16.0.31515.178
MinimumVisualStudioVersion = 10.0.40219.1
Project("{8BC9CEB8-8B4A-11D0-8D11-00A0C91BC942}") = "字符串旋转判断", "字符串旋转判断.vcxproj", "{1E569FDA-27E4-4123-95B8-FBB0A79E077C}"
EndProject
Global
	GlobalSection(SolutionConfigurationPlatforms) = preSolution
		Debug|x64 = Debug|x64
		Debug|x86 = Debug|x86
		Release|x64 = Release|x64
		Release|x86 = Release|x86
	EndGlobalSection
	GlobalSection(ProjectConfigurationPlatforms) = postSolution
		{1E569FDA-27E4-4123-95B8-FBB0A79E077C}.Debug|x64.ActiveCfg = Debug|x64
		{1E569FDA-27E4-4123-95B8-FBB0A79E077C}.Debug|x64.Build.0 = Debug|x64
		{1E569FDA-27E4-4123-95B8-FBB0A79E077C}.Debug|x86.ActiveCfg = Debug|Win32
		{1E569FDA-27E4-4123-95B8-FBB0A79E077C}.Debug|x86.Build.0 = Debug|Win32
		{1E569FDA-27E4-4123-95B8-FBB0A79E077C}.Release|x64.ActiveCfg = Release|x64
		{1E569FDA-27E4-4123-95B8-FBB0A79E077C}.Release|x64.Build.0 = Release|x64
		{1E569FDA-27E4-4123-95B8-FBB0A79E077C}.Release|x86.ActiveCfg = Release|Win32
		{1E569FDA-27E4-4123-95B8-FBB0A79E077C}.Release|x86.Build.0 = Release|Win32
	EndGlobalSection
	GlobalSection(SolutionProperties) = preSolution
		HideSolutionNode = FALSE
	EndGlobalSection
	GlobalSection(ExtensibilityGlobals) = postSolution
		SolutionGuid = {A6A7B8A6-67B1-41C7-A62E-8D8777E08CAD}
	EndGlobalSection
EndGlobal
